
Microsoft Visual Studio Solution File, Format Version 12.00
# Visual Studio Version 16
VisualStudioVersion = 16.0.30204.135
MinimumVisualStudioVersion = 15.0.26124.0
Project("{2150E333-8FDC-42A3-9474-1A3956D46DE8}") = "samples", "samples", "{4F485D86-F99E-49A4-8C7F-7A02E8C8634A}"
EndProject
Project("{9A19103F-16F7-4668-BE54-9A1E7A4F7556}") = "MapFunction", "samples\mapfunction\MapFunction.csproj", "{028624EB-B723-4A3C-8F3B-B28CD90876B6}"
EndProject
Project("{2150E333-8FDC-42A3-9474-1A3956D46DE8}") = "tests", "tests", "{0ECE94A6-1A43-4E69-B0B7-5849A1D65E17}"
EndProject
Project("{9A19103F-16F7-4668-BE54-9A1E7A4F7556}") = "Sum", "samples\sum\Sum.csproj", "{F23623E3-0A56-4447-8FD1-2535E06FCB0B}"
EndProject
Project("{9A19103F-16F7-4668-BE54-9A1E7A4F7556}") = "WordCount", "samples\wordcount\WordCount.csproj", "{6BDB99F9-F42D-4474-9AA7-F457EB02E2C1}"
EndProject
Global
	GlobalSection(SolutionConfigurationPlatforms) = preSolution
		Debug|Any CPU = Debug|Any CPU
		Debug|x64 = Debug|x64
		Debug|x86 = Debug|x86
		Release|Any CPU = Release|Any CPU
		Release|x64 = Release|x64
		Release|x86 = Release|x86
	EndGlobalSection
	GlobalSection(ProjectConfigurationPlatforms) = postSolution
		{028624EB-B723-4A3C-8F3B-B28CD90876B6}.Debug|Any CPU.ActiveCfg = Debug|Any CPU
		{028624EB-B723-4A3C-8F3B-B28CD90876B6}.Debug|Any CPU.Build.0 = Debug|Any CPU
		{028624EB-B723-4A3C-8F3B-B28CD90876B6}.Debug|x64.ActiveCfg = Debug|Any CPU
		{028624EB-B723-4A3C-8F3B-B28CD90876B6}.Debug|x64.Build.0 = Debug|Any CPU
		{028624EB-B723-4A3C-8F3B-B28CD90876B6}.Debug|x86.ActiveCfg = Debug|Any CPU
		{028624EB-B723-4A3C-8F3B-B28CD90876B6}.Debug|x86.Build.0 = Debug|Any CPU
		{028624EB-B723-4A3C-8F3B-B28CD90876B6}.Release|Any CPU.ActiveCfg = Release|Any CPU
		{028624EB-B723-4A3C-8F3B-B28CD90876B6}.Release|Any CPU.Build.0 = Release|Any CPU
		{028624EB-B723-4A3C-8F3B-B28CD90876B6}.Release|x64.ActiveCfg = Release|Any CPU
		{028624EB-B723-4A3C-8F3B-B28CD90876B6}.Release|x64.Build.0 = Release|Any CPU
		{028624EB-B723-4A3C-8F3B-B28CD90876B6}.Release|x86.ActiveCfg = Release|Any CPU
		{028624EB-B723-4A3C-8F3B-B28CD90876B6}.Release|x86.Build.0 = Release|Any CPU
		{F23623E3-0A56-4447-8FD1-2535E06FCB0B}.Debug|Any CPU.ActiveCfg = Debug|Any CPU
		{F23623E3-0A56-4447-8FD1-2535E06FCB0B}.Debug|Any CPU.Build.0 = Debug|Any CPU
		{F23623E3-0A56-4447-8FD1-2535E06FCB0B}.Debug|x64.ActiveCfg = Debug|Any CPU
		{F23623E3-0A56-4447-8FD1-2535E06FCB0B}.Debug|x64.Build.0 = Debug|Any CPU
		{F23623E3-0A56-4447-8FD1-2535E06FCB0B}.Debug|x86.ActiveCfg = Debug|Any CPU
		{F23623E3-0A56-4447-8FD1-2535E06FCB0B}.Debug|x86.Build.0 = Debug|Any CPU
		{F23623E3-0A56-4447-8FD1-2535E06FCB0B}.Release|Any CPU.ActiveCfg = Release|Any CPU
		{F23623E3-0A56-4447-8FD1-2535E06FCB0B}.Release|Any CPU.Build.0 = Release|Any CPU
		{F23623E3-0A56-4447-8FD1-2535E06FCB0B}.Release|x64.ActiveCfg = Release|Any CPU
		{F23623E3-0A56-4447-8FD1-2535E06FCB0B}.Release|x64.Build.0 = Release|Any CPU
		{F23623E3-0A56-4447-8FD1-2535E06FCB0B}.Release|x86.ActiveCfg = Release|Any CPU
		{F23623E3-0A56-4447-8FD1-2535E06FCB0B}.Release|x86.Build.0 = Release|Any CPU
		{6BDB99F9-F42D-4474-9AA7-F457EB02E2C1}.Debug|Any CPU.ActiveCfg = Debug|Any CPU
		{6BDB99F9-F42D-4474-9AA7-F457EB02E2C1}.Debug|Any CPU.Build.0 = Debug|Any CPU
		{6BDB99F9-F42D-4474-9AA7-F457EB02E2C1}.Debug|x64.ActiveCfg = Debug|Any CPU
		{6BDB99F9-F42D-4474-9AA7-F457EB02E2C1}.Debug|x64.Build.0 = Debug|Any CPU
		{6BDB99F9-F42D-4474-9AA7-F457EB02E2C1}.Debug|x86.ActiveCfg = Debug|Any CPU
		{6BDB99F9-F42D-4474-9AA7-F457EB02E2C1}.Debug|x86.Build.0 = Debug|Any CPU
		{6BDB99F9-F42D-4474-9AA7-F457EB02E2C1}.Release|Any CPU.ActiveCfg = Release|Any CPU
		{6BDB99F9-F42D-4474-9AA7-F457EB02E2C1}.Release|Any CPU.Build.0 = Release|Any CPU
		{6BDB99F9-F42D-4474-9AA7-F457EB02E2C1}.Release|x64.ActiveCfg = Release|Any CPU
		{6BDB99F9-F42D-4474-9AA7-F457EB02E2C1}.Release|x64.Build.0 = Release|Any CPU
		{6BDB99F9-F42D-4474-9AA7-F457EB02E2C1}.Release|x86.ActiveCfg = Release|Any CPU
		{6BDB99F9-F42D-4474-9AA7-F457EB02E2C1}.Release|x86.Build.0 = Release|Any CPU
	EndGlobalSection
	GlobalSection(SolutionProperties) = preSolution
		HideSolutionNode = FALSE
	EndGlobalSection
	GlobalSection(NestedProjects) = preSolution
		{028624EB-B723-4A3C-8F3B-B28CD90876B6} = {4F485D86-F99E-49A4-8C7F-7A02E8C8634A}
		{F23623E3-0A56-4447-8FD1-2535E06FCB0B} = {4F485D86-F99E-49A4-8C7F-7A02E8C8634A}
		{6BDB99F9-F42D-4474-9AA7-F457EB02E2C1} = {4F485D86-F99E-49A4-8C7F-7A02E8C8634A}
	EndGlobalSection
	GlobalSection(ExtensibilityGlobals) = postSolution
		SolutionGuid = {11875B4E-A902-4950-A8FE-9E3AE535CCC3}
	EndGlobalSection
EndGlobal
