
Microsoft Visual Studio Solution File, Format Version 12.00
# Visual Studio Version 16
VisualStudioVersion = 16.0.30204.135
MinimumVisualStudioVersion = 15.0.26124.0
Project("{2150E333-8FDC-42A3-9474-1A3956D46DE8}") = "samples", "samples", "{4F485D86-F99E-49A4-8C7F-7A02E8C8634A}"
EndProject
Project("{9A19103F-16F7-4668-BE54-9A1E7A4F7556}") = "MapFunction", "samples\mapfunction\MapFunction.csproj", "{028624EB-B723-4A3C-8F3B-B28CD90876B6}"
EndProject
Project("{2150E333-8FDC-42A3-9474-1A3956D46DE8}") = "tests", "tests", "{0ECE94A6-1A43-4E69-B0B7-5849A1D65E17}"
EndProject
Project("{9A19103F-16F7-4668-BE54-9A1E7A4F7556}") = "Sum", "samples\sum\Sum.csproj", "{F23623E3-0A56-4447-8FD1-2535E06FCB0B}"
EndProject
Project("{9A19103F-16F7-4668-BE54-9A1E7A4F7556}") = "WordCount", "samples\wordcount\WordCount.csproj", "{6BDB99F9-F42D-4474-9AA7-F457EB02E2C1}"
EndProject
Project("{9A19103F-16F7-4668-BE54-9A1E7A4F7556}") = "GlobalKTable", "samples\globalktable\GlobalKTable.csproj", "{4E52A6E5-1735-45D4-B5CD-EEE51068AAA3}"
EndProject
Project("{9A19103F-16F7-4668-BE54-9A1E7A4F7556}") = "PageViewRegion", "samples\pageviewregion\PageViewRegion.csproj", "{869D3E87-0C85-4A81-88F4-45EE4DD64E0D}"
EndProject
Project("{9A19103F-16F7-4668-BE54-9A1E7A4F7556}") = "WordCountTests", "tests\wordcounttests\WordCountTests.csproj", "{39AD5063-CBC2-4CAF-9F13-937EC48A7210}"
EndProject
Project("{9A19103F-16F7-4668-BE54-9A1E7A4F7556}") = "AggregateTests", "tests\aggregatetests\AggregateTests.csproj", "{24BAFFFE-A557-4E41-81DE-FB4EC86BB74C}"
EndProject
Project("{9A19103F-16F7-4668-BE54-9A1E7A4F7556}") = "GlobalKTableTests", "tests\globalktabletests\GlobalKTableTests.csproj", "{BBC02D85-9C2E-4C40-9AAB-6FE62EEEDF7C}"
EndProject
Global
	GlobalSection(SolutionConfigurationPlatforms) = preSolution
		Debug|Any CPU = Debug|Any CPU
		Debug|x64 = Debug|x64
		Debug|x86 = Debug|x86
		Release|Any CPU = Release|Any CPU
		Release|x64 = Release|x64
		Release|x86 = Release|x86
	EndGlobalSection
	GlobalSection(ProjectConfigurationPlatforms) = postSolution
		{028624EB-B723-4A3C-8F3B-B28CD90876B6}.Debug|Any CPU.ActiveCfg = Debug|Any CPU
		{028624EB-B723-4A3C-8F3B-B28CD90876B6}.Debug|Any CPU.Build.0 = Debug|Any CPU
		{028624EB-B723-4A3C-8F3B-B28CD90876B6}.Debug|x64.ActiveCfg = Debug|Any CPU
		{028624EB-B723-4A3C-8F3B-B28CD90876B6}.Debug|x64.Build.0 = Debug|Any CPU
		{028624EB-B723-4A3C-8F3B-B28CD90876B6}.Debug|x86.ActiveCfg = Debug|Any CPU
		{028624EB-B723-4A3C-8F3B-B28CD90876B6}.Debug|x86.Build.0 = Debug|Any CPU
		{028624EB-B723-4A3C-8F3B-B28CD90876B6}.Release|Any CPU.ActiveCfg = Release|Any CPU
		{028624EB-B723-4A3C-8F3B-B28CD90876B6}.Release|Any CPU.Build.0 = Release|Any CPU
		{028624EB-B723-4A3C-8F3B-B28CD90876B6}.Release|x64.ActiveCfg = Release|Any CPU
		{028624EB-B723-4A3C-8F3B-B28CD90876B6}.Release|x64.Build.0 = Release|Any CPU
		{028624EB-B723-4A3C-8F3B-B28CD90876B6}.Release|x86.ActiveCfg = Release|Any CPU
		{028624EB-B723-4A3C-8F3B-B28CD90876B6}.Release|x86.Build.0 = Release|Any CPU
		{F23623E3-0A56-4447-8FD1-2535E06FCB0B}.Debug|Any CPU.ActiveCfg = Debug|Any CPU
		{F23623E3-0A56-4447-8FD1-2535E06FCB0B}.Debug|Any CPU.Build.0 = Debug|Any CPU
		{F23623E3-0A56-4447-8FD1-2535E06FCB0B}.Debug|x64.ActiveCfg = Debug|Any CPU
		{F23623E3-0A56-4447-8FD1-2535E06FCB0B}.Debug|x64.Build.0 = Debug|Any CPU
		{F23623E3-0A56-4447-8FD1-2535E06FCB0B}.Debug|x86.ActiveCfg = Debug|Any CPU
		{F23623E3-0A56-4447-8FD1-2535E06FCB0B}.Debug|x86.Build.0 = Debug|Any CPU
		{F23623E3-0A56-4447-8FD1-2535E06FCB0B}.Release|Any CPU.ActiveCfg = Release|Any CPU
		{F23623E3-0A56-4447-8FD1-2535E06FCB0B}.Release|Any CPU.Build.0 = Release|Any CPU
		{F23623E3-0A56-4447-8FD1-2535E06FCB0B}.Release|x64.ActiveCfg = Release|Any CPU
		{F23623E3-0A56-4447-8FD1-2535E06FCB0B}.Release|x64.Build.0 = Release|Any CPU
		{F23623E3-0A56-4447-8FD1-2535E06FCB0B}.Release|x86.ActiveCfg = Release|Any CPU
		{F23623E3-0A56-4447-8FD1-2535E06FCB0B}.Release|x86.Build.0 = Release|Any CPU
		{6BDB99F9-F42D-4474-9AA7-F457EB02E2C1}.Debug|Any CPU.ActiveCfg = Debug|Any CPU
		{6BDB99F9-F42D-4474-9AA7-F457EB02E2C1}.Debug|Any CPU.Build.0 = Debug|Any CPU
		{6BDB99F9-F42D-4474-9AA7-F457EB02E2C1}.Debug|x64.ActiveCfg = Debug|Any CPU
		{6BDB99F9-F42D-4474-9AA7-F457EB02E2C1}.Debug|x64.Build.0 = Debug|Any CPU
		{6BDB99F9-F42D-4474-9AA7-F457EB02E2C1}.Debug|x86.ActiveCfg = Debug|Any CPU
		{6BDB99F9-F42D-4474-9AA7-F457EB02E2C1}.Debug|x86.Build.0 = Debug|Any CPU
		{6BDB99F9-F42D-4474-9AA7-F457EB02E2C1}.Release|Any CPU.ActiveCfg = Release|Any CPU
		{6BDB99F9-F42D-4474-9AA7-F457EB02E2C1}.Release|Any CPU.Build.0 = Release|Any CPU
		{6BDB99F9-F42D-4474-9AA7-F457EB02E2C1}.Release|x64.ActiveCfg = Release|Any CPU
		{6BDB99F9-F42D-4474-9AA7-F457EB02E2C1}.Release|x64.Build.0 = Release|Any CPU
		{6BDB99F9-F42D-4474-9AA7-F457EB02E2C1}.Release|x86.ActiveCfg = Release|Any CPU
		{6BDB99F9-F42D-4474-9AA7-F457EB02E2C1}.Release|x86.Build.0 = Release|Any CPU
		{4E52A6E5-1735-45D4-B5CD-EEE51068AAA3}.Debug|Any CPU.ActiveCfg = Debug|Any CPU
		{4E52A6E5-1735-45D4-B5CD-EEE51068AAA3}.Debug|Any CPU.Build.0 = Debug|Any CPU
		{4E52A6E5-1735-45D4-B5CD-EEE51068AAA3}.Debug|x64.ActiveCfg = Debug|Any CPU
		{4E52A6E5-1735-45D4-B5CD-EEE51068AAA3}.Debug|x64.Build.0 = Debug|Any CPU
		{4E52A6E5-1735-45D4-B5CD-EEE51068AAA3}.Debug|x86.ActiveCfg = Debug|Any CPU
		{4E52A6E5-1735-45D4-B5CD-EEE51068AAA3}.Debug|x86.Build.0 = Debug|Any CPU
		{4E52A6E5-1735-45D4-B5CD-EEE51068AAA3}.Release|Any CPU.ActiveCfg = Release|Any CPU
		{4E52A6E5-1735-45D4-B5CD-EEE51068AAA3}.Release|Any CPU.Build.0 = Release|Any CPU
		{4E52A6E5-1735-45D4-B5CD-EEE51068AAA3}.Release|x64.ActiveCfg = Release|Any CPU
		{4E52A6E5-1735-45D4-B5CD-EEE51068AAA3}.Release|x64.Build.0 = Release|Any CPU
		{4E52A6E5-1735-45D4-B5CD-EEE51068AAA3}.Release|x86.ActiveCfg = Release|Any CPU
		{4E52A6E5-1735-45D4-B5CD-EEE51068AAA3}.Release|x86.Build.0 = Release|Any CPU
		{869D3E87-0C85-4A81-88F4-45EE4DD64E0D}.Debug|Any CPU.ActiveCfg = Debug|Any CPU
		{869D3E87-0C85-4A81-88F4-45EE4DD64E0D}.Debug|Any CPU.Build.0 = Debug|Any CPU
		{869D3E87-0C85-4A81-88F4-45EE4DD64E0D}.Debug|x64.ActiveCfg = Debug|Any CPU
		{869D3E87-0C85-4A81-88F4-45EE4DD64E0D}.Debug|x64.Build.0 = Debug|Any CPU
		{869D3E87-0C85-4A81-88F4-45EE4DD64E0D}.Debug|x86.ActiveCfg = Debug|Any CPU
		{869D3E87-0C85-4A81-88F4-45EE4DD64E0D}.Debug|x86.Build.0 = Debug|Any CPU
		{869D3E87-0C85-4A81-88F4-45EE4DD64E0D}.Release|Any CPU.ActiveCfg = Release|Any CPU
		{869D3E87-0C85-4A81-88F4-45EE4DD64E0D}.Release|Any CPU.Build.0 = Release|Any CPU
		{869D3E87-0C85-4A81-88F4-45EE4DD64E0D}.Release|x64.ActiveCfg = Release|Any CPU
		{869D3E87-0C85-4A81-88F4-45EE4DD64E0D}.Release|x64.Build.0 = Release|Any CPU
		{869D3E87-0C85-4A81-88F4-45EE4DD64E0D}.Release|x86.ActiveCfg = Release|Any CPU
		{869D3E87-0C85-4A81-88F4-45EE4DD64E0D}.Release|x86.Build.0 = Release|Any CPU
		{39AD5063-CBC2-4CAF-9F13-937EC48A7210}.Debug|Any CPU.ActiveCfg = Debug|Any CPU
		{39AD5063-CBC2-4CAF-9F13-937EC48A7210}.Debug|Any CPU.Build.0 = Debug|Any CPU
		{39AD5063-CBC2-4CAF-9F13-937EC48A7210}.Debug|x64.ActiveCfg = Debug|Any CPU
		{39AD5063-CBC2-4CAF-9F13-937EC48A7210}.Debug|x64.Build.0 = Debug|Any CPU
		{39AD5063-CBC2-4CAF-9F13-937EC48A7210}.Debug|x86.ActiveCfg = Debug|Any CPU
		{39AD5063-CBC2-4CAF-9F13-937EC48A7210}.Debug|x86.Build.0 = Debug|Any CPU
		{39AD5063-CBC2-4CAF-9F13-937EC48A7210}.Release|Any CPU.ActiveCfg = Release|Any CPU
		{39AD5063-CBC2-4CAF-9F13-937EC48A7210}.Release|Any CPU.Build.0 = Release|Any CPU
		{39AD5063-CBC2-4CAF-9F13-937EC48A7210}.Release|x64.ActiveCfg = Release|Any CPU
		{39AD5063-CBC2-4CAF-9F13-937EC48A7210}.Release|x64.Build.0 = Release|Any CPU
		{39AD5063-CBC2-4CAF-9F13-937EC48A7210}.Release|x86.ActiveCfg = Release|Any CPU
		{39AD5063-CBC2-4CAF-9F13-937EC48A7210}.Release|x86.Build.0 = Release|Any CPU
		{24BAFFFE-A557-4E41-81DE-FB4EC86BB74C}.Debug|Any CPU.ActiveCfg = Debug|Any CPU
		{24BAFFFE-A557-4E41-81DE-FB4EC86BB74C}.Debug|Any CPU.Build.0 = Debug|Any CPU
		{24BAFFFE-A557-4E41-81DE-FB4EC86BB74C}.Debug|x64.ActiveCfg = Debug|Any CPU
		{24BAFFFE-A557-4E41-81DE-FB4EC86BB74C}.Debug|x64.Build.0 = Debug|Any CPU
		{24BAFFFE-A557-4E41-81DE-FB4EC86BB74C}.Debug|x86.ActiveCfg = Debug|Any CPU
		{24BAFFFE-A557-4E41-81DE-FB4EC86BB74C}.Debug|x86.Build.0 = Debug|Any CPU
		{24BAFFFE-A557-4E41-81DE-FB4EC86BB74C}.Release|Any CPU.ActiveCfg = Release|Any CPU
		{24BAFFFE-A557-4E41-81DE-FB4EC86BB74C}.Release|Any CPU.Build.0 = Release|Any CPU
		{24BAFFFE-A557-4E41-81DE-FB4EC86BB74C}.Release|x64.ActiveCfg = Release|Any CPU
		{24BAFFFE-A557-4E41-81DE-FB4EC86BB74C}.Release|x64.Build.0 = Release|Any CPU
		{24BAFFFE-A557-4E41-81DE-FB4EC86BB74C}.Release|x86.ActiveCfg = Release|Any CPU
		{24BAFFFE-A557-4E41-81DE-FB4EC86BB74C}.Release|x86.Build.0 = Release|Any CPU
		{BBC02D85-9C2E-4C40-9AAB-6FE62EEEDF7C}.Debug|Any CPU.ActiveCfg = Debug|Any CPU
		{BBC02D85-9C2E-4C40-9AAB-6FE62EEEDF7C}.Debug|Any CPU.Build.0 = Debug|Any CPU
		{BBC02D85-9C2E-4C40-9AAB-6FE62EEEDF7C}.Debug|x64.ActiveCfg = Debug|Any CPU
		{BBC02D85-9C2E-4C40-9AAB-6FE62EEEDF7C}.Debug|x64.Build.0 = Debug|Any CPU
		{BBC02D85-9C2E-4C40-9AAB-6FE62EEEDF7C}.Debug|x86.ActiveCfg = Debug|Any CPU
		{BBC02D85-9C2E-4C40-9AAB-6FE62EEEDF7C}.Debug|x86.Build.0 = Debug|Any CPU
		{BBC02D85-9C2E-4C40-9AAB-6FE62EEEDF7C}.Release|Any CPU.ActiveCfg = Release|Any CPU
		{BBC02D85-9C2E-4C40-9AAB-6FE62EEEDF7C}.Release|Any CPU.Build.0 = Release|Any CPU
		{BBC02D85-9C2E-4C40-9AAB-6FE62EEEDF7C}.Release|x64.ActiveCfg = Release|Any CPU
		{BBC02D85-9C2E-4C40-9AAB-6FE62EEEDF7C}.Release|x64.Build.0 = Release|Any CPU
		{BBC02D85-9C2E-4C40-9AAB-6FE62EEEDF7C}.Release|x86.ActiveCfg = Release|Any CPU
		{BBC02D85-9C2E-4C40-9AAB-6FE62EEEDF7C}.Release|x86.Build.0 = Release|Any CPU
	EndGlobalSection
	GlobalSection(SolutionProperties) = preSolution
		HideSolutionNode = FALSE
	EndGlobalSection
	GlobalSection(NestedProjects) = preSolution
		{028624EB-B723-4A3C-8F3B-B28CD90876B6} = {4F485D86-F99E-49A4-8C7F-7A02E8C8634A}
		{F23623E3-0A56-4447-8FD1-2535E06FCB0B} = {4F485D86-F99E-49A4-8C7F-7A02E8C8634A}
		{6BDB99F9-F42D-4474-9AA7-F457EB02E2C1} = {4F485D86-F99E-49A4-8C7F-7A02E8C8634A}
		{4E52A6E5-1735-45D4-B5CD-EEE51068AAA3} = {4F485D86-F99E-49A4-8C7F-7A02E8C8634A}
		{869D3E87-0C85-4A81-88F4-45EE4DD64E0D} = {4F485D86-F99E-49A4-8C7F-7A02E8C8634A}
		{39AD5063-CBC2-4CAF-9F13-937EC48A7210} = {0ECE94A6-1A43-4E69-B0B7-5849A1D65E17}
		{24BAFFFE-A557-4E41-81DE-FB4EC86BB74C} = {0ECE94A6-1A43-4E69-B0B7-5849A1D65E17}
		{BBC02D85-9C2E-4C40-9AAB-6FE62EEEDF7C} = {0ECE94A6-1A43-4E69-B0B7-5849A1D65E17}
	EndGlobalSection
	GlobalSection(ExtensibilityGlobals) = postSolution
		SolutionGuid = {11875B4E-A902-4950-A8FE-9E3AE535CCC3}
	EndGlobalSection
EndGlobal
